
Microsoft Visual Studio Solution File, Format Version 12.00
# Visual Studio Version 17
VisualStudioVersion = 17.9.34714.143
MinimumVisualStudioVersion = 10.0.40219.1
Project("{FAE04EC0-301F-11D3-BF4B-00C04F79EFBC}") = "IRSBankApplication.Domain", "IRSBankApplication.Domain\IRSBankApplication.Domain.csproj", "{944D551E-E49D-48E4-AC81-EDBFC4A5A75F}"
EndProject
Project("{FAE04EC0-301F-11D3-BF4B-00C04F79EFBC}") = "IRSBankApplication.Infrastructure", "IRSBankApplication.Infrastructure\IRSBankApplication.Infrastructure.csproj", "{B84ED8CD-3A4F-442F-B0F9-E41391215AC3}"
EndProject
Project("{FAE04EC0-301F-11D3-BF4B-00C04F79EFBC}") = "IRSBankApplication.Application", "IRSBankApplication.Application\IRSBankApplication.Application.csproj", "{0090ECA7-A2F5-4C65-ABED-4A03DD1C7C64}"
EndProject
Project("{FAE04EC0-301F-11D3-BF4B-00C04F79EFBC}") = "IRSBankApplication.Contracts", "IRSBankApplication.Contracts\IRSBankApplication.Contracts.csproj", "{3349B3EC-F904-4C30-B053-B2CE833B2F8E}"
EndProject
Project("{FAE04EC0-301F-11D3-BF4B-00C04F79EFBC}") = "IRSBankApplication.WebApi", "IRSBankApplication.WebApi\IRSBankApplication.WebApi.csproj", "{4626B30F-BCC5-4231-9E26-0DEF5DD25AD9}"
EndProject
Global
	GlobalSection(SolutionConfigurationPlatforms) = preSolution
		Debug|Any CPU = Debug|Any CPU
		Release|Any CPU = Release|Any CPU
	EndGlobalSection
	GlobalSection(ProjectConfigurationPlatforms) = postSolution
		{944D551E-E49D-48E4-AC81-EDBFC4A5A75F}.Debug|Any CPU.ActiveCfg = Debug|Any CPU
		{944D551E-E49D-48E4-AC81-EDBFC4A5A75F}.Debug|Any CPU.Build.0 = Debug|Any CPU
		{944D551E-E49D-48E4-AC81-EDBFC4A5A75F}.Release|Any CPU.ActiveCfg = Release|Any CPU
		{944D551E-E49D-48E4-AC81-EDBFC4A5A75F}.Release|Any CPU.Build.0 = Release|Any CPU
		{B84ED8CD-3A4F-442F-B0F9-E41391215AC3}.Debug|Any CPU.ActiveCfg = Debug|Any CPU
		{B84ED8CD-3A4F-442F-B0F9-E41391215AC3}.Debug|Any CPU.Build.0 = Debug|Any CPU
		{B84ED8CD-3A4F-442F-B0F9-E41391215AC3}.Release|Any CPU.ActiveCfg = Release|Any CPU
		{B84ED8CD-3A4F-442F-B0F9-E41391215AC3}.Release|Any CPU.Build.0 = Release|Any CPU
		{0090ECA7-A2F5-4C65-ABED-4A03DD1C7C64}.Debug|Any CPU.ActiveCfg = Debug|Any CPU
		{0090ECA7-A2F5-4C65-ABED-4A03DD1C7C64}.Debug|Any CPU.Build.0 = Debug|Any CPU
		{0090ECA7-A2F5-4C65-ABED-4A03DD1C7C64}.Release|Any CPU.ActiveCfg = Release|Any CPU
		{0090ECA7-A2F5-4C65-ABED-4A03DD1C7C64}.Release|Any CPU.Build.0 = Release|Any CPU
		{3349B3EC-F904-4C30-B053-B2CE833B2F8E}.Debug|Any CPU.ActiveCfg = Debug|Any CPU
		{3349B3EC-F904-4C30-B053-B2CE833B2F8E}.Debug|Any CPU.Build.0 = Debug|Any CPU
		{3349B3EC-F904-4C30-B053-B2CE833B2F8E}.Release|Any CPU.ActiveCfg = Release|Any CPU
		{3349B3EC-F904-4C30-B053-B2CE833B2F8E}.Release|Any CPU.Build.0 = Release|Any CPU
		{4626B30F-BCC5-4231-9E26-0DEF5DD25AD9}.Debug|Any CPU.ActiveCfg = Debug|Any CPU
		{4626B30F-BCC5-4231-9E26-0DEF5DD25AD9}.Debug|Any CPU.Build.0 = Debug|Any CPU
		{4626B30F-BCC5-4231-9E26-0DEF5DD25AD9}.Release|Any CPU.ActiveCfg = Release|Any CPU
		{4626B30F-BCC5-4231-9E26-0DEF5DD25AD9}.Release|Any CPU.Build.0 = Release|Any CPU
	EndGlobalSection
	GlobalSection(SolutionProperties) = preSolution
		HideSolutionNode = FALSE
	EndGlobalSection
	GlobalSection(ExtensibilityGlobals) = postSolution
		SolutionGuid = {A00CA168-198B-45F9-90B6-A26B7AF618D0}
	EndGlobalSection
EndGlobal
